# THIS IS AN AUTOGENERATED FILE. DO NOT EDIT THIS FILE DIRECTLY.
# yarn lockfile v1


axios@^0.26.0:
  version "0.26.1"
  resolved "https://registry.yarnpkg.com/axios/-/axios-0.26.1.tgz#1ede41c51fcf51bbbd6fd43669caaa4f0495aaa9"
  integrity sha512-fPwcX4EvnSHuInCMItEhAGnaSEXRBjtzh9fOtsE6E1G6p7vl7edEeZe11QHf18+6+9gR5PbKV/sGKNaD8YaMeA==
  dependencies:
    follow-redirects "^1.14.8"

chalk@^5.0.0:
  version "5.1.2"
  resolved "https://registry.yarnpkg.com/chalk/-/chalk-5.1.2.tgz#d957f370038b75ac572471e83be4c5ca9f8e8c45"
  integrity sha512-E5CkT4jWURs1Vy5qGJye+XwCkNj7Od3Af7CP6SujMetSMkLs8Do2RWJK5yx1wamHV/op8Rz+9rltjaTQWDnEFQ==

dotenv-defaults@^5.0.0:
  version "5.0.2"
  resolved "https://registry.yarnpkg.com/dotenv-defaults/-/dotenv-defaults-5.0.2.tgz#065c410ea516011651e9c60dae0c8902ec53d609"
  integrity sha512-y5z4NhblzwNk8XBIYVzjLcFkANK0rxbRDO6kGOfH9QrVYIGVEX52IqwSprKVsaLHM9pnNkCSxazZF/JPydDPvA==
  dependencies:
    dotenv "^14.0.0"

dotenv@^14.0.0:
  version "14.3.2"
  resolved "https://registry.yarnpkg.com/dotenv/-/dotenv-14.3.2.tgz#7c30b3a5f777c79a3429cb2db358eef6751e8369"
  integrity sha512-vwEppIphpFdvaMCaHfCEv9IgwcxMljMw2TnAQBB4VWPvzXQLTb82jwmdOKzlEVUL3gNFT4l4TPKO+Bn+sqcrVQ==

"dotenv@github:motdotla/dotenv":
  version "16.0.3"
  resolved "https://codeload.github.com/motdotla/dotenv/tar.gz/463952012640a919a82be0de11f473c1224b498a"

flow-bin@^0.173.0:
  version "0.173.0"
  resolved "https://registry.yarnpkg.com/flow-bin/-/flow-bin-0.173.0.tgz#4eb4b0143ffcef3ef3ee64638554a8dff6b89735"
  integrity sha512-CIvShSnB4I7SsfkE9S7ECpUCkBNqDQGDWr+0uzulKGYEBnCYwFzITE1T84weLmINQwO1dR6ntsH0LlWLoGCquQ==

flow-parser@^0.194.0:
  version "0.194.0"
  resolved "https://registry.yarnpkg.com/flow-parser/-/flow-parser-0.194.0.tgz#3d226aca8473593ad90167ae1e14dbb3cbcb6a8b"
  integrity sha512-3dipGWKnXmE4LEE5yCPHJrSlMYOPAYU7wMBecfKiWPQSZp1CvkpJ59dfuuUIeM2TSttKGSatep77vGG9cjkeqg==

flow-remove-types@^2.173.0:
  version "2.194.0"
  resolved "https://registry.yarnpkg.com/flow-remove-types/-/flow-remove-types-2.194.0.tgz#82a072f77107cd7c52bddb7646a6bbf6a6c84382"
  integrity sha512-/tkRSpCkjas9c2IZblDAgvAyd8atLYAHcenwupaRNiZGQva6tNjOHw7nj5kR+C4n2lvxQdrAs1jpZoD1ziN04g==
  dependencies:
    flow-parser "^0.194.0"
    pirates "^3.0.2"
    vlq "^0.2.1"

follow-redirects@^1.14.8:
  version "1.15.2"
  resolved "https://registry.yarnpkg.com/follow-redirects/-/follow-redirects-1.15.2.tgz#b460864144ba63f2681096f274c4e57026da2c13"
  integrity sha512-VQLG33o04KaQ8uYi2tVNbdrWp1QWxNNea+nmIB4EVM28v0hmP17z7aG1+wAkNzVq4KeXTq3221ye5qTJP91JwA==

node-modules-regexp@^1.0.0:
  version "1.0.0"
  resolved "https://registry.yarnpkg.com/node-modules-regexp/-/node-modules-regexp-1.0.0.tgz#8d9dbe28964a4ac5712e9131642107c71e90ec40"
  integrity sha512-JMaRS9L4wSRIR+6PTVEikTrq/lMGEZR43a48ETeilY0Q0iMwVnccMFrUM1k+tNzmYuIU0Vh710bCUqHX+/+ctQ==

parsenv@^1.0.2:
  version "1.0.2"
  resolved "https://registry.yarnpkg.com/parsenv/-/parsenv-1.0.2.tgz#7cef25020b8276c4f0d86a26e6b5e19043ceddcd"
  integrity sha512-GCU0xB7gLoNayecYN44hwhxSxBBhvNisuGX8UgyYDiyOsnd8+B2rOvnrvKmR3QWqbRdq0Xbg/kR9qMK0sHDC5w==
  dependencies:
    dotenv "github:motdotla/dotenv"

pirates@^3.0.2:
  version "3.0.2"
  resolved "https://registry.yarnpkg.com/pirates/-/pirates-3.0.2.tgz#7e6f85413fd9161ab4e12b539b06010d85954bb9"
  integrity sha512-c5CgUJq6H2k6MJz72Ak1F5sN9n9wlSlJyEnwvpm9/y3WB4E3pHBDT2c6PEiS1vyJvq2bUxUAIu0EGf8Cx4Ic7Q==
  dependencies:
    node-modules-regexp "^1.0.0"

readline-sync@^1.4.10:
  version "1.4.10"
  resolved "https://registry.yarnpkg.com/readline-sync/-/readline-sync-1.4.10.tgz#41df7fbb4b6312d673011594145705bf56d8873b"
  integrity sha512-gNva8/6UAe8QYepIQH/jQ2qn91Qj0B9sYjMBBs3QOB8F2CXcKgLxQaJRP76sWVRQt+QU+8fAkCbCvjjMFu7Ycw==

vlq@^0.2.1:
  version "0.2.3"
  resolved "https://registry.yarnpkg.com/vlq/-/vlq-0.2.3.tgz#8f3e4328cf63b1540c0d67e1b2778386f8975b26"
  integrity sha512-DRibZL6DsNhIgYQ+wNdWDL2SL3bKPlVrRiBqV5yuMm++op8W4kGFtaQfCs4KEJn0wBZcHVHJ3eoywX8983k1ow==
